// !$*UTF8*$!
{
	archiveVersion = 1;
	classes = {
	};
	objectVersion = 46;
	objects = {

/* Begin PBXBuildFile section */
		50A6538E1EEB85DE0076FCA0 /* AppDelegate.swift in Sources */ = {isa = PBXBuildFile; fileRef = 50A6538D1EEB85DE0076FCA0 /* AppDelegate.swift */; };
		50A653901EEB85DE0076FCA0 /* ViewController.swift in Sources */ = {isa = PBXBuildFile; fileRef = 50A6538F1EEB85DE0076FCA0 /* ViewController.swift */; };
		50A653931EEB85DF0076FCA0 /* Main.storyboard in Resources */ = {isa = PBXBuildFile; fileRef = 50A653911EEB85DF0076FCA0 /* Main.storyboard */; };
		50A653951EEB85DF0076FCA0 /* Assets.xcassets in Resources */ = {isa = PBXBuildFile; fileRef = 50A653941EEB85DF0076FCA0 /* Assets.xcassets */; };
		50A653981EEB85DF0076FCA0 /* LaunchScreen.storyboard in Resources */ = {isa = PBXBuildFile; fileRef = 50A653961EEB85DF0076FCA0 /* LaunchScreen.storyboard */; };
		50A653A71EEB89330076FCA0 /* AsyncImageView.m in Sources */ = {isa = PBXBuildFile; fileRef = 50A653A21EEB89330076FCA0 /* AsyncImageView.m */; };
		50A653A81EEB89330076FCA0 /* iCarousel.m in Sources */ = {isa = PBXBuildFile; fileRef = 50A653A51EEB89330076FCA0 /* iCarousel.m */; };
		B1C217A30F7A4359FBFAA88C /* Pods_PlacePhotosSample.framework in Frameworks */ = {isa = PBXBuildFile; fileRef = 2F3E62207F4BDBD36D80E47B /* Pods_PlacePhotosSample.framework */; };
/* End PBXBuildFile section */

/* Begin PBXFileReference section */
		2F3E62207F4BDBD36D80E47B /* Pods_PlacePhotosSample.framework */ = {isa = PBXFileReference; explicitFileType = wrapper.framework; includeInIndex = 0; path = Pods_PlacePhotosSample.framework; sourceTree = BUILT_PRODUCTS_DIR; };
		50A6538A1EEB85DE0076FCA0 /* PlacePhotosSample.app */ = {isa = PBXFileReference; explicitFileType = wrapper.application; includeInIndex = 0; path = PlacePhotosSample.app; sourceTree = BUILT_PRODUCTS_DIR; };
		50A6538D1EEB85DE0076FCA0 /* AppDelegate.swift */ = {isa = PBXFileReference; lastKnownFileType = sourcecode.swift; path = AppDelegate.swift; sourceTree = "<group>"; };
		50A6538F1EEB85DE0076FCA0 /* ViewController.swift */ = {isa = PBXFileReference; lastKnownFileType = sourcecode.swift; path = ViewController.swift; sourceTree = "<group>"; };
		50A653921EEB85DF0076FCA0 /* Base */ = {isa = PBXFileReference; lastKnownFileType = file.storyboard; name = Base; path = Base.lproj/Main.storyboard; sourceTree = "<group>"; };
		50A653941EEB85DF0076FCA0 /* Assets.xcassets */ = {isa = PBXFileReference; lastKnownFileType = folder.assetcatalog; path = Assets.xcassets; sourceTree = "<group>"; };
		50A653971EEB85DF0076FCA0 /* Base */ = {isa = PBXFileReference; lastKnownFileType = file.storyboard; name = Base; path = Base.lproj/LaunchScreen.storyboard; sourceTree = "<group>"; };
		50A653991EEB85DF0076FCA0 /* Info.plist */ = {isa = PBXFileReference; lastKnownFileType = text.plist.xml; path = Info.plist; sourceTree = "<group>"; };
		50A653A11EEB89330076FCA0 /* AsyncImageView.h */ = {isa = PBXFileReference; fileEncoding = 4; lastKnownFileType = sourcecode.c.h; path = AsyncImageView.h; sourceTree = "<group>"; };
		50A653A21EEB89330076FCA0 /* AsyncImageView.m */ = {isa = PBXFileReference; fileEncoding = 4; lastKnownFileType = sourcecode.c.objc; path = AsyncImageView.m; sourceTree = "<group>"; };
		50A653A41EEB89330076FCA0 /* iCarousel.h */ = {isa = PBXFileReference; fileEncoding = 4; lastKnownFileType = sourcecode.c.h; path = iCarousel.h; sourceTree = "<group>"; };
		50A653A51EEB89330076FCA0 /* iCarousel.m */ = {isa = PBXFileReference; fileEncoding = 4; lastKnownFileType = sourcecode.c.objc; path = iCarousel.m; sourceTree = "<group>"; };
		50A653AB1EEB8AE90076FCA0 /* Bridging-Header.h */ = {isa = PBXFileReference; lastKnownFileType = sourcecode.c.h; path = "Bridging-Header.h"; sourceTree = "<group>"; };
		5A51BAA2661545B287B41293 /* Pods-PlacePhotosSample.debug.xcconfig */ = {isa = PBXFileReference; includeInIndex = 1; lastKnownFileType = text.xcconfig; name = "Pods-PlacePhotosSample.debug.xcconfig"; path = "Pods/Target Support Files/Pods-PlacePhotosSample/Pods-PlacePhotosSample.debug.xcconfig"; sourceTree = "<group>"; };
		9FA294C5D5368486CAE56A39 /* Pods-PlacePhotosSample.release.xcconfig */ = {isa = PBXFileReference; includeInIndex = 1; lastKnownFileType = text.xcconfig; name = "Pods-PlacePhotosSample.release.xcconfig"; path = "Pods/Target Support Files/Pods-PlacePhotosSample/Pods-PlacePhotosSample.release.xcconfig"; sourceTree = "<group>"; };
/* End PBXFileReference section */

/* Begin PBXFrameworksBuildPhase section */
		50A653871EEB85DE0076FCA0 /* Frameworks */ = {
			isa = PBXFrameworksBuildPhase;
			buildActionMask = 2147483647;
			files = (
				B1C217A30F7A4359FBFAA88C /* Pods_PlacePhotosSample.framework in Frameworks */,
			);
			runOnlyForDeploymentPostprocessing = 0;
		};
/* End PBXFrameworksBuildPhase section */

/* Begin PBXGroup section */
		50A653811EEB85DE0076FCA0 = {
			isa = PBXGroup;
			children = (
				50A6538C1EEB85DE0076FCA0 /* PlacePhotosSample */,
				50A6538B1EEB85DE0076FCA0 /* Products */,
				AAF71DC4CA8E8942057E4572 /* Pods */,
				E69ED0592120A2ADD26091EB /* Frameworks */,
			);
			sourceTree = "<group>";
		};
		50A6538B1EEB85DE0076FCA0 /* Products */ = {
			isa = PBXGroup;
			children = (
				50A6538A1EEB85DE0076FCA0 /* PlacePhotosSample.app */,
			);
			name = Products;
			sourceTree = "<group>";
		};
		50A6538C1EEB85DE0076FCA0 /* PlacePhotosSample */ = {
			isa = PBXGroup;
			children = (
				50A6538D1EEB85DE0076FCA0 /* AppDelegate.swift */,
				50A6538F1EEB85DE0076FCA0 /* ViewController.swift */,
				50A653911EEB85DF0076FCA0 /* Main.storyboard */,
				50A653941EEB85DF0076FCA0 /* Assets.xcassets */,
				50A653961EEB85DF0076FCA0 /* LaunchScreen.storyboard */,
				50A653991EEB85DF0076FCA0 /* Info.plist */,
				50A653AB1EEB8AE90076FCA0 /* Bridging-Header.h */,
				50A6539F1EEB89330076FCA0 /* Libaries */,
			);
			path = PlacePhotosSample;
			sourceTree = "<group>";
		};
		50A6539F1EEB89330076FCA0 /* Libaries */ = {
			isa = PBXGroup;
			children = (
				50A653A01EEB89330076FCA0 /* AsyncImageView */,
				50A653A31EEB89330076FCA0 /* iCarousel */,
			);
			path = Libaries;
			sourceTree = "<group>";
		};
		50A653A01EEB89330076FCA0 /* AsyncImageView */ = {
			isa = PBXGroup;
			children = (
				50A653A11EEB89330076FCA0 /* AsyncImageView.h */,
				50A653A21EEB89330076FCA0 /* AsyncImageView.m */,
			);
			path = AsyncImageView;
			sourceTree = "<group>";
		};
		50A653A31EEB89330076FCA0 /* iCarousel */ = {
			isa = PBXGroup;
			children = (
				50A653A41EEB89330076FCA0 /* iCarousel.h */,
				50A653A51EEB89330076FCA0 /* iCarousel.m */,
			);
			path = iCarousel;
			sourceTree = "<group>";
		};
		AAF71DC4CA8E8942057E4572 /* Pods */ = {
			isa = PBXGroup;
			children = (
				5A51BAA2661545B287B41293 /* Pods-PlacePhotosSample.debug.xcconfig */,
				9FA294C5D5368486CAE56A39 /* Pods-PlacePhotosSample.release.xcconfig */,
			);
			name = Pods;
			sourceTree = "<group>";
		};
		E69ED0592120A2ADD26091EB /* Frameworks */ = {
			isa = PBXGroup;
			children = (
				2F3E62207F4BDBD36D80E47B /* Pods_PlacePhotosSample.framework */,
			);
			name = Frameworks;
			sourceTree = "<group>";
		};
/* End PBXGroup section */

/* Begin PBXNativeTarget section */
		50A653891EEB85DE0076FCA0 /* PlacePhotosSample */ = {
			isa = PBXNativeTarget;
			buildConfigurationList = 50A6539C1EEB85DF0076FCA0 /* Build configuration list for PBXNativeTarget "PlacePhotosSample" */;
			buildPhases = (
				91A40399BE129D5BC50E8BFB /* [CP] Check Pods Manifest.lock */,
				50A653861EEB85DE0076FCA0 /* Sources */,
				50A653871EEB85DE0076FCA0 /* Frameworks */,
				50A653881EEB85DE0076FCA0 /* Resources */,
				6785945FA795F9D317A47A74 /* [CP] Embed Pods Frameworks */,
				63FF1ED74808ED532D3BA8B5 /* [CP] Copy Pods Resources */,
			);
			buildRules = (
			);
			dependencies = (
			);
			name = PlacePhotosSample;
			productName = PlacePhotosSample;
			productReference = 50A6538A1EEB85DE0076FCA0 /* PlacePhotosSample.app */;
			productType = "com.apple.product-type.application";
		};
/* End PBXNativeTarget section */

/* Begin PBXProject section */
		50A653821EEB85DE0076FCA0 /* Project object */ = {
			isa = PBXProject;
			attributes = {
				LastSwiftUpdateCheck = 0830;
				LastUpgradeCheck = 0830;
				ORGANIZATIONNAME = "Rhzome Inc.";
				TargetAttributes = {
					50A653891EEB85DE0076FCA0 = {
						CreatedOnToolsVersion = 8.3.2;
						ProvisioningStyle = Automatic;
					};
				};
			};
			buildConfigurationList = 50A653851EEB85DE0076FCA0 /* Build configuration list for PBXProject "PlacePhotosSample" */;
			compatibilityVersion = "Xcode 3.2";
			developmentRegion = English;
			hasScannedForEncodings = 0;
			knownRegions = (
				en,
				Base,
			);
			mainGroup = 50A653811EEB85DE0076FCA0;
			productRefGroup = 50A6538B1EEB85DE0076FCA0 /* Products */;
			projectDirPath = "";
			projectRoot = "";
			targets = (
				50A653891EEB85DE0076FCA0 /* PlacePhotosSample */,
			);
		};
/* End PBXProject section */

/* Begin PBXResourcesBuildPhase section */
		50A653881EEB85DE0076FCA0 /* Resources */ = {
			isa = PBXResourcesBuildPhase;
			buildActionMask = 2147483647;
			files = (
				50A653981EEB85DF0076FCA0 /* LaunchScreen.storyboard in Resources */,
				50A653951EEB85DF0076FCA0 /* Assets.xcassets in Resources */,
				50A653931EEB85DF0076FCA0 /* Main.storyboard in Resources */,
			);
			runOnlyForDeploymentPostprocessing = 0;
		};
/* End PBXResourcesBuildPhase section */

/* Begin PBXShellScriptBuildPhase section */
		63FF1ED74808ED532D3BA8B5 /* [CP] Copy Pods Resources */ = {
			isa = PBXShellScriptBuildPhase;
			buildActionMask = 2147483647;
			files = (
			);
			inputPaths = (
			);
			name = "[CP] Copy Pods Resources";
			outputPaths = (
			);
			runOnlyForDeploymentPostprocessing = 0;
			shellPath = /bin/sh;
			shellScript = "\"${SRCROOT}/Pods/Target Support Files/Pods-PlacePhotosSample/Pods-PlacePhotosSample-resources.sh\"\n";
			showEnvVarsInLog = 0;
		};
		6785945FA795F9D317A47A74 /* [CP] Embed Pods Frameworks */ = {
			isa = PBXShellScriptBuildPhase;
			buildActionMask = 2147483647;
			files = (
			);
			inputPaths = (
			);
			name = "[CP] Embed Pods Frameworks";
			outputPaths = (
			);
			runOnlyForDeploymentPostprocessing = 0;
			shellPath = /bin/sh;
			shellScript = "\"${SRCROOT}/Pods/Target Support Files/Pods-PlacePhotosSample/Pods-PlacePhotosSample-frameworks.sh\"\n";
			showEnvVarsInLog = 0;
		};
		91A40399BE129D5BC50E8BFB /* [CP] Check Pods Manifest.lock */ = {
			isa = PBXShellScriptBuildPhase;
			buildActionMask = 2147483647;
			files = (
			);
			inputPaths = (
			);
			name = "[CP] Check Pods Manifest.lock";
			outputPaths = (
			);
			runOnlyForDeploymentPostprocessing = 0;
			shellPath = /bin/sh;
			shellScript = "diff \"${PODS_ROOT}/../Podfile.lock\" \"${PODS_ROOT}/Manifest.lock\" > /dev/null\nif [ $? != 0 ] ; then\n    # print error to STDERR\n    echo \"error: The sandbox is not in sync with the Podfile.lock. Run 'pod install' or update your CocoaPods installation.\" >&2\n    exit 1\nfi\n";
			showEnvVarsInLog = 0;
		};
/* End PBXShellScriptBuildPhase section */

/* Begin PBXSourcesBuildPhase section */
		50A653861EEB85DE0076FCA0 /* Sources */ = {
			isa = PBXSourcesBuildPhase;
			buildActionMask = 2147483647;
			files = (
				50A653901EEB85DE0076FCA0 /* ViewController.swift in Sources */,
				50A653A81EEB89330076FCA0 /* iCarousel.m in Sources */,
				50A653A71EEB89330076FCA0 /* AsyncImageView.m in Sources */,
				50A6538E1EEB85DE0076FCA0 /* AppDelegate.swift in Sources */,
			);
			runOnlyForDeploymentPostprocessing = 0;
		};
/* End PBXSourcesBuildPhase section */

/* Begin PBXVariantGroup section */
		50A653911EEB85DF0076FCA0 /* Main.storyboard */ = {
			isa = PBXVariantGroup;
			children = (
				50A653921EEB85DF0076FCA0 /* Base */,
			);
			name = Main.storyboard;
			sourceTree = "<group>";
		};
		50A653961EEB85DF0076FCA0 /* LaunchScreen.storyboard */ = {
			isa = PBXVariantGroup;
			children = (
				50A653971EEB85DF0076FCA0 /* Base */,
			);
			name = LaunchScreen.storyboard;
			sourceTree = "<group>";
		};
/* End PBXVariantGroup section */

/* Begin XCBuildConfiguration section */
		50A6539A1EEB85DF0076FCA0 /* Debug */ = {
			isa = XCBuildConfiguration;
			buildSettings = {
				ALWAYS_SEARCH_USER_PATHS = NO;
				CLANG_ANALYZER_NONNULL = YES;
				CLANG_ANALYZER_NUMBER_OBJECT_CONVERSION = YES_AGGRESSIVE;
				CLANG_CXX_LANGUAGE_STANDARD = "gnu++0x";
				CLANG_CXX_LIBRARY = "libc++";
				CLANG_ENABLE_MODULES = YES;
				CLANG_ENABLE_OBJC_ARC = YES;
				CLANG_WARN_BOOL_CONVERSION = YES;
				CLANG_WARN_CONSTANT_CONVERSION = YES;
				CLANG_WARN_DIRECT_OBJC_ISA_USAGE = YES_ERROR;
				CLANG_WARN_DOCUMENTATION_COMMENTS = YES;
				CLANG_WARN_EMPTY_BODY = YES;
				CLANG_WARN_ENUM_CONVERSION = YES;
				CLANG_WARN_INFINITE_RECURSION = YES;
				CLANG_WARN_INT_CONVERSION = YES;
				CLANG_WARN_OBJC_ROOT_CLASS = YES_ERROR;
				CLANG_WARN_SUSPICIOUS_MOVE = YES;
				CLANG_WARN_UNREACHABLE_CODE = YES;
				CLANG_WARN__DUPLICATE_METHOD_MATCH = YES;
				"CODE_SIGN_IDENTITY[sdk=iphoneos*]" = "iPhone Developer";
				COPY_PHASE_STRIP = NO;
				DEBUG_INFORMATION_FORMAT = dwarf;
				ENABLE_STRICT_OBJC_MSGSEND = YES;
				ENABLE_TESTABILITY = YES;
				GCC_C_LANGUAGE_STANDARD = gnu99;
				GCC_DYNAMIC_NO_PIC = NO;
				GCC_NO_COMMON_BLOCKS = YES;
				GCC_OPTIMIZATION_LEVEL = 0;
				GCC_PREPROCESSOR_DEFINITIONS = (
					"DEBUG=1",
					"$(inherited)",
				);
				GCC_WARN_64_TO_32_BIT_CONVERSION = YES;
				GCC_WARN_ABOUT_RETURN_TYPE = YES_ERROR;
				GCC_WARN_UNDECLARED_SELECTOR = YES;
				GCC_WARN_UNINITIALIZED_AUTOS = YES_AGGRESSIVE;
				GCC_WARN_UNUSED_FUNCTION = YES;
				GCC_WARN_UNUSED_VARIABLE = YES;
				IPHONEOS_DEPLOYMENT_TARGET = 10.3;
				MTL_ENABLE_DEBUG_INFO = YES;
				ONLY_ACTIVE_ARCH = YES;
				SDKROOT = iphoneos;
				SWIFT_ACTIVE_COMPILATION_CONDITIONS = DEBUG;
				SWIFT_OBJC_BRIDGING_HEADER = "PlacePhotosSample/Bridging-Header.h";
				SWIFT_OPTIMIZATION_LEVEL = "-Onone";
			};
			name = Debug;
		};
		50A6539B1EEB85DF0076FCA0 /* Release */ = {
			isa = XCBuildConfiguration;
			buildSettings = {
				ALWAYS_SEARCH_USER_PATHS = NO;
				CLANG_ANALYZER_NONNULL = YES;
				CLANG_ANALYZER_NUMBER_OBJECT_CONVERSION = YES_AGGRESSIVE;
				CLANG_CXX_LANGUAGE_STANDARD = "gnu++0x";
				CLANG_CXX_LIBRARY = "libc++";
				CLANG_ENABLE_MODULES = YES;
				CLANG_ENABLE_OBJC_ARC = YES;
				CLANG_WARN_BOOL_CONVERSION = YES;
				CLANG_WARN_CONSTANT_CONVERSION = YES;
				CLANG_WARN_DIRECT_OBJC_ISA_USAGE = YES_ERROR;
				CLANG_WARN_DOCUMENTATION_COMMENTS = YES;
				CLANG_WARN_EMPTY_BODY = YES;
				CLANG_WARN_ENUM_CONVERSION = YES;
				CLANG_WARN_INFINITE_RECURSION = YES;
				CLANG_WARN_INT_CONVERSION = YES;
				CLANG_WARN_OBJC_ROOT_CLASS = YES_ERROR;
				CLANG_WARN_SUSPICIOUS_MOVE = YES;
				CLANG_WARN_UNREACHABLE_CODE = YES;
				CLANG_WARN__DUPLICATE_METHOD_MATCH = YES;
				"CODE_SIGN_IDENTITY[sdk=iphoneos*]" = "iPhone Developer";
				COPY_PHASE_STRIP = NO;
				DEBUG_INFORMATION_FORMAT = "dwarf-with-dsym";
				ENABLE_NS_ASSERTIONS = NO;
				ENABLE_STRICT_OBJC_MSGSEND = YES;
				GCC_C_LANGUAGE_STANDARD = gnu99;
				GCC_NO_COMMON_BLOCKS = YES;
				GCC_WARN_64_TO_32_BIT_CONVERSION = YES;
				GCC_WARN_ABOUT_RETURN_TYPE = YES_ERROR;
				GCC_WARN_UNDECLARED_SELECTOR = YES;
				GCC_WARN_UNINITIALIZED_AUTOS = YES_AGGRESSIVE;
				GCC_WARN_UNUSED_FUNCTION = YES;
				GCC_WARN_UNUSED_VARIABLE = YES;
				IPHONEOS_DEPLOYMENT_TARGET = 10.3;
				MTL_ENABLE_DEBUG_INFO = NO;
				SDKROOT = iphoneos;
				SWIFT_OBJC_BRIDGING_HEADER = "PlacePhotosSample/Bridging-Header.h";
				SWIFT_OPTIMIZATION_LEVEL = "-Owholemodule";
				VALIDATE_PRODUCT = YES;
			};
			name = Release;
		};
		50A6539D1EEB85DF0076FCA0 /* Debug */ = {
			isa = XCBuildConfiguration;
			baseConfigurationReference = 5A51BAA2661545B287B41293 /* Pods-PlacePhotosSample.debug.xcconfig */;
			buildSettings = {
				ALWAYS_EMBED_SWIFT_STANDARD_LIBRARIES = YES;
				ASSETCATALOG_COMPILER_APPICON_NAME = AppIcon;
				INFOPLIST_FILE = PlacePhotosSample/Info.plist;
				LD_RUNPATH_SEARCH_PATHS = "$(inherited) @executable_path/Frameworks";
				PRODUCT_BUNDLE_IDENTIFIER = "com.rhizo-me.PlacePhotosSample";
				PRODUCT_NAME = "$(TARGET_NAME)";
				SWIFT_VERSION = 3.0;
			};
			name = Debug;
		};
		50A6539E1EEB85DF0076FCA0 /* Release */ = {
			isa = XCBuildConfiguration;
			baseConfigurationReference = 9FA294C5D5368486CAE56A39 /* Pods-PlacePhotosSample.release.xcconfig */;
			buildSettings = {
				ALWAYS_EMBED_SWIFT_STANDARD_LIBRARIES = YES;
				ASSETCATALOG_COMPILER_APPICON_NAME = AppIcon;
				INFOPLIST_FILE = PlacePhotosSample/Info.plist;
				LD_RUNPATH_SEARCH_PATHS = "$(inherited) @executable_path/Frameworks";
				PRODUCT_BUNDLE_IDENTIFIER = "com.rhizo-me.PlacePhotosSample";
				PRODUCT_NAME = "$(TARGET_NAME)";
				SWIFT_VERSION = 3.0;
			};
			name = Release;
		};
/* End XCBuildConfiguration section */

/* Begin XCConfigurationList section */
		50A653851EEB85DE0076FCA0 /* Build configuration list for PBXProject "PlacePhotosSample" */ = {
			isa = XCConfigurationList;
			buildConfigurations = (
				50A6539A1EEB85DF0076FCA0 /* Debug */,
				50A6539B1EEB85DF0076FCA0 /* Release */,
			);
			defaultConfigurationIsVisible = 0;
			defaultConfigurationName = Release;
		};
		50A6539C1EEB85DF0076FCA0 /* Build configuration list for PBXNativeTarget "PlacePhotosSample" */ = {
			isa = XCConfigurationList;
			buildConfigurations = (
				50A6539D1EEB85DF0076FCA0 /* Debug */,
				50A6539E1EEB85DF0076FCA0 /* Release */,
			);
			defaultConfigurationIsVisible = 0;
			defaultConfigurationName = Release;
		};
/* End XCConfigurationList section */
	};
	rootObject = 50A653821EEB85DE0076FCA0 /* Project object */;
}
